
Microsoft Visual Studio Solution File, Format Version 12.00
# Visual Studio Version 17
VisualStudioVersion = 17.8.34511.84
MinimumVisualStudioVersion = 10.0.40219.1
Project("{FAE04EC0-301F-11D3-BF4B-00C04F79EFBC}") = "REFWebApp.Server", "REFWebApp.Server\REFWebApp.Server.csproj", "{B1DD3C47-AB53-401B-B780-972E78EF07A1}"
EndProject
Project("{54A90642-561A-4BB1-A94E-469ADEE60C69}") = "refwebapp.client", "refwebapp.client\refwebapp.client.esproj", "{30EE2017-62B2-442C-AE23-71773BF4F807}"
EndProject
Global
	GlobalSection(SolutionConfigurationPlatforms) = preSolution
		Debug|Any CPU = Debug|Any CPU
		Release|Any CPU = Release|Any CPU
	EndGlobalSection
	GlobalSection(ProjectConfigurationPlatforms) = postSolution
		{B1DD3C47-AB53-401B-B780-972E78EF07A1}.Debug|Any CPU.ActiveCfg = Debug|Any CPU
		{B1DD3C47-AB53-401B-B780-972E78EF07A1}.Debug|Any CPU.Build.0 = Debug|Any CPU
		{B1DD3C47-AB53-401B-B780-972E78EF07A1}.Release|Any CPU.ActiveCfg = Release|Any CPU
		{B1DD3C47-AB53-401B-B780-972E78EF07A1}.Release|Any CPU.Build.0 = Release|Any CPU
		{30EE2017-62B2-442C-AE23-71773BF4F807}.Debug|Any CPU.ActiveCfg = Debug|Any CPU
		{30EE2017-62B2-442C-AE23-71773BF4F807}.Debug|Any CPU.Build.0 = Debug|Any CPU
		{30EE2017-62B2-442C-AE23-71773BF4F807}.Debug|Any CPU.Deploy.0 = Debug|Any CPU
		{30EE2017-62B2-442C-AE23-71773BF4F807}.Release|Any CPU.ActiveCfg = Release|Any CPU
		{30EE2017-62B2-442C-AE23-71773BF4F807}.Release|Any CPU.Build.0 = Release|Any CPU
		{30EE2017-62B2-442C-AE23-71773BF4F807}.Release|Any CPU.Deploy.0 = Release|Any CPU
	EndGlobalSection
	GlobalSection(SolutionProperties) = preSolution
		HideSolutionNode = FALSE
	EndGlobalSection
	GlobalSection(ExtensibilityGlobals) = postSolution
		SolutionGuid = {65E35F56-84CD-4FBD-AC09-9D7E32077616}
	EndGlobalSection
EndGlobal
